// !$*UTF8*$!
{
	archiveVersion = 1;
	classes = {
	};
	objectVersion = 55;
	objects = {

/* Begin PBXBuildFile section */
		893D5BBC2817F19900E16F45 /* Module5_Task7App.swift in Sources */ = {isa = PBXBuildFile; fileRef = 893D5BBB2817F19900E16F45 /* Module5_Task7App.swift */; };
		893D5BC02817F19B00E16F45 /* Assets.xcassets in Resources */ = {isa = PBXBuildFile; fileRef = 893D5BBF2817F19B00E16F45 /* Assets.xcassets */; };
		893D5BC32817F19B00E16F45 /* Preview Assets.xcassets in Resources */ = {isa = PBXBuildFile; fileRef = 893D5BC22817F19B00E16F45 /* Preview Assets.xcassets */; };
		893D5BC52817F19B00E16F45 /* Persistence.swift in Sources */ = {isa = PBXBuildFile; fileRef = 893D5BC42817F19B00E16F45 /* Persistence.swift */; };
		893D5BC82817F19B00E16F45 /* Module5_Task7.xcdatamodeld in Sources */ = {isa = PBXBuildFile; fileRef = 893D5BC62817F19B00E16F45 /* Module5_Task7.xcdatamodeld */; };
		893D5BD62817F23400E16F45 /* SignInScreen.swift in Sources */ = {isa = PBXBuildFile; fileRef = 893D5BD52817F23400E16F45 /* SignInScreen.swift */; };
		893D5BD82817F24D00E16F45 /* SignUpScreen.swift in Sources */ = {isa = PBXBuildFile; fileRef = 893D5BD72817F24D00E16F45 /* SignUpScreen.swift */; };
		893D5BDA2817F26F00E16F45 /* HomeScreen.swift in Sources */ = {isa = PBXBuildFile; fileRef = 893D5BD92817F26F00E16F45 /* HomeScreen.swift */; };
		893D5BDF2817F2A300E16F45 /* StatusApp.swift in Sources */ = {isa = PBXBuildFile; fileRef = 893D5BDE2817F2A300E16F45 /* StatusApp.swift */; };
		893D5BE12817F3FE00E16F45 /* StartAppScreen.swift in Sources */ = {isa = PBXBuildFile; fileRef = 893D5BE02817F3FE00E16F45 /* StartAppScreen.swift */; };
		893D5BEA2818027700E16F45 /* SignInPresenScreen.swift in Sources */ = {isa = PBXBuildFile; fileRef = 893D5BE92818027700E16F45 /* SignInPresenScreen.swift */; };
		893D5BEC2818028500E16F45 /* SignUpPresenScreen.swift in Sources */ = {isa = PBXBuildFile; fileRef = 893D5BEB2818028500E16F45 /* SignUpPresenScreen.swift */; };
		893D5BEE2818029300E16F45 /* StartPresenScreen.swift in Sources */ = {isa = PBXBuildFile; fileRef = 893D5BED2818029300E16F45 /* StartPresenScreen.swift */; };
		893D5BF02818029E00E16F45 /* HomePresenScreen.swift in Sources */ = {isa = PBXBuildFile; fileRef = 893D5BEF2818029E00E16F45 /* HomePresenScreen.swift */; };
/* End PBXBuildFile section */

/* Begin PBXFileReference section */
		893D5BB82817F19900E16F45 /* Module5_Task7.app */ = {isa = PBXFileReference; explicitFileType = wrapper.application; includeInIndex = 0; path = Module5_Task7.app; sourceTree = BUILT_PRODUCTS_DIR; };
		893D5BBB2817F19900E16F45 /* Module5_Task7App.swift */ = {isa = PBXFileReference; lastKnownFileType = sourcecode.swift; path = Module5_Task7App.swift; sourceTree = "<group>"; };
		893D5BBF2817F19B00E16F45 /* Assets.xcassets */ = {isa = PBXFileReference; lastKnownFileType = folder.assetcatalog; path = Assets.xcassets; sourceTree = "<group>"; };
		893D5BC22817F19B00E16F45 /* Preview Assets.xcassets */ = {isa = PBXFileReference; lastKnownFileType = folder.assetcatalog; path = "Preview Assets.xcassets"; sourceTree = "<group>"; };
		893D5BC42817F19B00E16F45 /* Persistence.swift */ = {isa = PBXFileReference; lastKnownFileType = sourcecode.swift; path = Persistence.swift; sourceTree = "<group>"; };
		893D5BC72817F19B00E16F45 /* Module5_Task7.xcdatamodel */ = {isa = PBXFileReference; lastKnownFileType = wrapper.xcdatamodel; path = Module5_Task7.xcdatamodel; sourceTree = "<group>"; };
		893D5BD52817F23400E16F45 /* SignInScreen.swift */ = {isa = PBXFileReference; lastKnownFileType = sourcecode.swift; path = SignInScreen.swift; sourceTree = "<group>"; };
		893D5BD72817F24D00E16F45 /* SignUpScreen.swift */ = {isa = PBXFileReference; lastKnownFileType = sourcecode.swift; path = SignUpScreen.swift; sourceTree = "<group>"; };
		893D5BD92817F26F00E16F45 /* HomeScreen.swift */ = {isa = PBXFileReference; lastKnownFileType = sourcecode.swift; path = HomeScreen.swift; sourceTree = "<group>"; };
		893D5BDE2817F2A300E16F45 /* StatusApp.swift */ = {isa = PBXFileReference; lastKnownFileType = sourcecode.swift; path = StatusApp.swift; sourceTree = "<group>"; };
		893D5BE02817F3FE00E16F45 /* StartAppScreen.swift */ = {isa = PBXFileReference; lastKnownFileType = sourcecode.swift; path = StartAppScreen.swift; sourceTree = "<group>"; };
		893D5BE92818027700E16F45 /* SignInPresenScreen.swift */ = {isa = PBXFileReference; lastKnownFileType = sourcecode.swift; path = SignInPresenScreen.swift; sourceTree = "<group>"; };
		893D5BEB2818028500E16F45 /* SignUpPresenScreen.swift */ = {isa = PBXFileReference; lastKnownFileType = sourcecode.swift; path = SignUpPresenScreen.swift; sourceTree = "<group>"; };
		893D5BED2818029300E16F45 /* StartPresenScreen.swift */ = {isa = PBXFileReference; lastKnownFileType = sourcecode.swift; path = StartPresenScreen.swift; sourceTree = "<group>"; };
		893D5BEF2818029E00E16F45 /* HomePresenScreen.swift */ = {isa = PBXFileReference; lastKnownFileType = sourcecode.swift; path = HomePresenScreen.swift; sourceTree = "<group>"; };
/* End PBXFileReference section */

/* Begin PBXFrameworksBuildPhase section */
		893D5BB52817F19900E16F45 /* Frameworks */ = {
			isa = PBXFrameworksBuildPhase;
			buildActionMask = 2147483647;
			files = (
			);
			runOnlyForDeploymentPostprocessing = 0;
		};
/* End PBXFrameworksBuildPhase section */

/* Begin PBXGroup section */
		893D5BAF2817F19900E16F45 = {
			isa = PBXGroup;
			children = (
				893D5BBA2817F19900E16F45 /* Module5_Task7 */,
				893D5BB92817F19900E16F45 /* Products */,
			);
			sourceTree = "<group>";
		};
		893D5BB92817F19900E16F45 /* Products */ = {
			isa = PBXGroup;
			children = (
				893D5BB82817F19900E16F45 /* Module5_Task7.app */,
			);
			name = Products;
			sourceTree = "<group>";
		};
		893D5BBA2817F19900E16F45 /* Module5_Task7 */ = {
			isa = PBXGroup;
			children = (
				893D5BE42818023B00E16F45 /* precentControll */,
				893D5BCF2817F1C300E16F45 /* controller */,
				893D5BBB2817F19900E16F45 /* Module5_Task7App.swift */,
				893D5BC42817F19B00E16F45 /* Persistence.swift */,
				893D5BC62817F19B00E16F45 /* Module5_Task7.xcdatamodeld */,
				893D5BCE2817F1BB00E16F45 /* appUtil */,
				893D5BC12817F19B00E16F45 /* Preview Content */,
			);
			path = Module5_Task7;
			sourceTree = "<group>";
		};
		893D5BC12817F19B00E16F45 /* Preview Content */ = {
			isa = PBXGroup;
			children = (
				893D5BC22817F19B00E16F45 /* Preview Assets.xcassets */,
			);
			path = "Preview Content";
			sourceTree = "<group>";
		};
		893D5BCE2817F1BB00E16F45 /* appUtil */ = {
			isa = PBXGroup;
			children = (
				893D5BDD2817F29000E16F45 /* status */,
				893D5BBF2817F19B00E16F45 /* Assets.xcassets */,
			);
			path = appUtil;
			sourceTree = "<group>";
		};
		893D5BCF2817F1C300E16F45 /* controller */ = {
			isa = PBXGroup;
			children = (
				893D5BD42817F1EF00E16F45 /* start */,
				893D5BD22817F1E500E16F45 /* home */,
				893D5BD12817F1DE00E16F45 /* signUp */,
				893D5BD02817F1D800E16F45 /* signIn */,
			);
			path = controller;
			sourceTree = "<group>";
		};
		893D5BD02817F1D800E16F45 /* signIn */ = {
			isa = PBXGroup;
			children = (
				893D5BD52817F23400E16F45 /* SignInScreen.swift */,
			);
			path = signIn;
			sourceTree = "<group>";
		};
		893D5BD12817F1DE00E16F45 /* signUp */ = {
			isa = PBXGroup;
			children = (
				893D5BD72817F24D00E16F45 /* SignUpScreen.swift */,
			);
			path = signUp;
			sourceTree = "<group>";
		};
		893D5BD22817F1E500E16F45 /* home */ = {
			isa = PBXGroup;
			children = (
				893D5BD92817F26F00E16F45 /* HomeScreen.swift */,
			);
			path = home;
			sourceTree = "<group>";
		};
		893D5BD42817F1EF00E16F45 /* start */ = {
			isa = PBXGroup;
			children = (
				893D5BE02817F3FE00E16F45 /* StartAppScreen.swift */,
			);
			path = start;
			sourceTree = "<group>";
		};
		893D5BDD2817F29000E16F45 /* status */ = {
			isa = PBXGroup;
			children = (
				893D5BDE2817F2A300E16F45 /* StatusApp.swift */,
			);
			path = status;
			sourceTree = "<group>";
		};
		893D5BE42818023B00E16F45 /* precentControll */ = {
			isa = PBXGroup;
			children = (
				893D5BE82818025B00E16F45 /* homePre */,
				893D5BE72818025500E16F45 /* startPre */,
				893D5BE62818024E00E16F45 /* signUpPre */,
				893D5BE52818024700E16F45 /* signInPre */,
			);
			path = precentControll;
			sourceTree = "<group>";
		};
		893D5BE52818024700E16F45 /* signInPre */ = {
			isa = PBXGroup;
			children = (
				893D5BE92818027700E16F45 /* SignInPresenScreen.swift */,
			);
			path = signInPre;
			sourceTree = "<group>";
		};
		893D5BE62818024E00E16F45 /* signUpPre */ = {
			isa = PBXGroup;
			children = (
				893D5BEB2818028500E16F45 /* SignUpPresenScreen.swift */,
			);
			path = signUpPre;
			sourceTree = "<group>";
		};
		893D5BE72818025500E16F45 /* startPre */ = {
			isa = PBXGroup;
			children = (
				893D5BED2818029300E16F45 /* StartPresenScreen.swift */,
			);
			path = startPre;
			sourceTree = "<group>";
		};
		893D5BE82818025B00E16F45 /* homePre */ = {
			isa = PBXGroup;
			children = (
				893D5BEF2818029E00E16F45 /* HomePresenScreen.swift */,
			);
			path = homePre;
			sourceTree = "<group>";
		};
/* End PBXGroup section */

/* Begin PBXNativeTarget section */
		893D5BB72817F19900E16F45 /* Module5_Task7 */ = {
			isa = PBXNativeTarget;
			buildConfigurationList = 893D5BCB2817F19B00E16F45 /* Build configuration list for PBXNativeTarget "Module5_Task7" */;
			buildPhases = (
				893D5BB42817F19900E16F45 /* Sources */,
				893D5BB52817F19900E16F45 /* Frameworks */,
				893D5BB62817F19900E16F45 /* Resources */,
			);
			buildRules = (
			);
			dependencies = (
			);
			name = Module5_Task7;
			productName = Module5_Task7;
			productReference = 893D5BB82817F19900E16F45 /* Module5_Task7.app */;
			productType = "com.apple.product-type.application";
		};
/* End PBXNativeTarget section */

/* Begin PBXProject section */
		893D5BB02817F19900E16F45 /* Project object */ = {
			isa = PBXProject;
			attributes = {
				BuildIndependentTargetsInParallel = 1;
				LastSwiftUpdateCheck = 1330;
				LastUpgradeCheck = 1330;
				TargetAttributes = {
					893D5BB72817F19900E16F45 = {
						CreatedOnToolsVersion = 13.3.1;
					};
				};
			};
			buildConfigurationList = 893D5BB32817F19900E16F45 /* Build configuration list for PBXProject "Module5_Task7" */;
			compatibilityVersion = "Xcode 13.0";
			developmentRegion = en;
			hasScannedForEncodings = 0;
			knownRegions = (
				en,
				Base,
			);
			mainGroup = 893D5BAF2817F19900E16F45;
			productRefGroup = 893D5BB92817F19900E16F45 /* Products */;
			projectDirPath = "";
			projectRoot = "";
			targets = (
				893D5BB72817F19900E16F45 /* Module5_Task7 */,
			);
		};
/* End PBXProject section */

/* Begin PBXResourcesBuildPhase section */
		893D5BB62817F19900E16F45 /* Resources */ = {
			isa = PBXResourcesBuildPhase;
			buildActionMask = 2147483647;
			files = (
				893D5BC32817F19B00E16F45 /* Preview Assets.xcassets in Resources */,
				893D5BC02817F19B00E16F45 /* Assets.xcassets in Resources */,
			);
			runOnlyForDeploymentPostprocessing = 0;
		};
/* End PBXResourcesBuildPhase section */

/* Begin PBXSourcesBuildPhase section */
		893D5BB42817F19900E16F45 /* Sources */ = {
			isa = PBXSourcesBuildPhase;
			buildActionMask = 2147483647;
			files = (
				893D5BD82817F24D00E16F45 /* SignUpScreen.swift in Sources */,
				893D5BC52817F19B00E16F45 /* Persistence.swift in Sources */,
				893D5BEE2818029300E16F45 /* StartPresenScreen.swift in Sources */,
				893D5BDA2817F26F00E16F45 /* HomeScreen.swift in Sources */,
				893D5BEA2818027700E16F45 /* SignInPresenScreen.swift in Sources */,
				893D5BD62817F23400E16F45 /* SignInScreen.swift in Sources */,
				893D5BE12817F3FE00E16F45 /* StartAppScreen.swift in Sources */,
				893D5BC82817F19B00E16F45 /* Module5_Task7.xcdatamodeld in Sources */,
				893D5BBC2817F19900E16F45 /* Module5_Task7App.swift in Sources */,
				893D5BEC2818028500E16F45 /* SignUpPresenScreen.swift in Sources */,
				893D5BDF2817F2A300E16F45 /* StatusApp.swift in Sources */,
				893D5BF02818029E00E16F45 /* HomePresenScreen.swift in Sources */,
			);
			runOnlyForDeploymentPostprocessing = 0;
		};
/* End PBXSourcesBuildPhase section */

/* Begin XCBuildConfiguration section */
		893D5BC92817F19B00E16F45 /* Debug */ = {
			isa = XCBuildConfiguration;
			buildSettings = {
				ALWAYS_SEARCH_USER_PATHS = NO;
				CLANG_ANALYZER_NONNULL = YES;
				CLANG_ANALYZER_NUMBER_OBJECT_CONVERSION = YES_AGGRESSIVE;
				CLANG_CXX_LANGUAGE_STANDARD = "gnu++17";
				CLANG_ENABLE_MODULES = YES;
				CLANG_ENABLE_OBJC_ARC = YES;
				CLANG_ENABLE_OBJC_WEAK = YES;
				CLANG_WARN_BLOCK_CAPTURE_AUTORELEASING = YES;
				CLANG_WARN_BOOL_CONVERSION = YES;
				CLANG_WARN_COMMA = YES;
				CLANG_WARN_CONSTANT_CONVERSION = YES;
				CLANG_WARN_DEPRECATED_OBJC_IMPLEMENTATIONS = YES;
				CLANG_WARN_DIRECT_OBJC_ISA_USAGE = YES_ERROR;
				CLANG_WARN_DOCUMENTATION_COMMENTS = YES;
				CLANG_WARN_EMPTY_BODY = YES;
				CLANG_WARN_ENUM_CONVERSION = YES;
				CLANG_WARN_INFINITE_RECURSION = YES;
				CLANG_WARN_INT_CONVERSION = YES;
				CLANG_WARN_NON_LITERAL_NULL_CONVERSION = YES;
				CLANG_WARN_OBJC_IMPLICIT_RETAIN_SELF = YES;
				CLANG_WARN_OBJC_LITERAL_CONVERSION = YES;
				CLANG_WARN_OBJC_ROOT_CLASS = YES_ERROR;
				CLANG_WARN_QUOTED_INCLUDE_IN_FRAMEWORK_HEADER = YES;
				CLANG_WARN_RANGE_LOOP_ANALYSIS = YES;
				CLANG_WARN_STRICT_PROTOTYPES = YES;
				CLANG_WARN_SUSPICIOUS_MOVE = YES;
				CLANG_WARN_UNGUARDED_AVAILABILITY = YES_AGGRESSIVE;
				CLANG_WARN_UNREACHABLE_CODE = YES;
				CLANG_WARN__DUPLICATE_METHOD_MATCH = YES;
				COPY_PHASE_STRIP = NO;
				DEBUG_INFORMATION_FORMAT = dwarf;
				ENABLE_STRICT_OBJC_MSGSEND = YES;
				ENABLE_TESTABILITY = YES;
				GCC_C_LANGUAGE_STANDARD = gnu11;
				GCC_DYNAMIC_NO_PIC = NO;
				GCC_NO_COMMON_BLOCKS = YES;
				GCC_OPTIMIZATION_LEVEL = 0;
				GCC_PREPROCESSOR_DEFINITIONS = (
					"DEBUG=1",
					"$(inherited)",
				);
				GCC_WARN_64_TO_32_BIT_CONVERSION = YES;
				GCC_WARN_ABOUT_RETURN_TYPE = YES_ERROR;
				GCC_WARN_UNDECLARED_SELECTOR = YES;
				GCC_WARN_UNINITIALIZED_AUTOS = YES_AGGRESSIVE;
				GCC_WARN_UNUSED_FUNCTION = YES;
				GCC_WARN_UNUSED_VARIABLE = YES;
				IPHONEOS_DEPLOYMENT_TARGET = 15.4;
				MTL_ENABLE_DEBUG_INFO = INCLUDE_SOURCE;
				MTL_FAST_MATH = YES;
				ONLY_ACTIVE_ARCH = YES;
				SDKROOT = iphoneos;
				SWIFT_ACTIVE_COMPILATION_CONDITIONS = DEBUG;
				SWIFT_OPTIMIZATION_LEVEL = "-Onone";
			};
			name = Debug;
		};
		893D5BCA2817F19B00E16F45 /* Release */ = {
			isa = XCBuildConfiguration;
			buildSettings = {
				ALWAYS_SEARCH_USER_PATHS = NO;
				CLANG_ANALYZER_NONNULL = YES;
				CLANG_ANALYZER_NUMBER_OBJECT_CONVERSION = YES_AGGRESSIVE;
				CLANG_CXX_LANGUAGE_STANDARD = "gnu++17";
				CLANG_ENABLE_MODULES = YES;
				CLANG_ENABLE_OBJC_ARC = YES;
				CLANG_ENABLE_OBJC_WEAK = YES;
				CLANG_WARN_BLOCK_CAPTURE_AUTORELEASING = YES;
				CLANG_WARN_BOOL_CONVERSION = YES;
				CLANG_WARN_COMMA = YES;
				CLANG_WARN_CONSTANT_CONVERSION = YES;
				CLANG_WARN_DEPRECATED_OBJC_IMPLEMENTATIONS = YES;
				CLANG_WARN_DIRECT_OBJC_ISA_USAGE = YES_ERROR;
				CLANG_WARN_DOCUMENTATION_COMMENTS = YES;
				CLANG_WARN_EMPTY_BODY = YES;
				CLANG_WARN_ENUM_CONVERSION = YES;
				CLANG_WARN_INFINITE_RECURSION = YES;
				CLANG_WARN_INT_CONVERSION = YES;
				CLANG_WARN_NON_LITERAL_NULL_CONVERSION = YES;
				CLANG_WARN_OBJC_IMPLICIT_RETAIN_SELF = YES;
				CLANG_WARN_OBJC_LITERAL_CONVERSION = YES;
				CLANG_WARN_OBJC_ROOT_CLASS = YES_ERROR;
				CLANG_WARN_QUOTED_INCLUDE_IN_FRAMEWORK_HEADER = YES;
				CLANG_WARN_RANGE_LOOP_ANALYSIS = YES;
				CLANG_WARN_STRICT_PROTOTYPES = YES;
				CLANG_WARN_SUSPICIOUS_MOVE = YES;
				CLANG_WARN_UNGUARDED_AVAILABILITY = YES_AGGRESSIVE;
				CLANG_WARN_UNREACHABLE_CODE = YES;
				CLANG_WARN__DUPLICATE_METHOD_MATCH = YES;
				COPY_PHASE_STRIP = NO;
				DEBUG_INFORMATION_FORMAT = "dwarf-with-dsym";
				ENABLE_NS_ASSERTIONS = NO;
				ENABLE_STRICT_OBJC_MSGSEND = YES;
				GCC_C_LANGUAGE_STANDARD = gnu11;
				GCC_NO_COMMON_BLOCKS = YES;
				GCC_WARN_64_TO_32_BIT_CONVERSION = YES;
				GCC_WARN_ABOUT_RETURN_TYPE = YES_ERROR;
				GCC_WARN_UNDECLARED_SELECTOR = YES;
				GCC_WARN_UNINITIALIZED_AUTOS = YES_AGGRESSIVE;
				GCC_WARN_UNUSED_FUNCTION = YES;
				GCC_WARN_UNUSED_VARIABLE = YES;
				IPHONEOS_DEPLOYMENT_TARGET = 15.4;
				MTL_ENABLE_DEBUG_INFO = NO;
				MTL_FAST_MATH = YES;
				SDKROOT = iphoneos;
				SWIFT_COMPILATION_MODE = wholemodule;
				SWIFT_OPTIMIZATION_LEVEL = "-O";
				VALIDATE_PRODUCT = YES;
			};
			name = Release;
		};
		893D5BCC2817F19B00E16F45 /* Debug */ = {
			isa = XCBuildConfiguration;
			buildSettings = {
				ASSETCATALOG_COMPILER_APPICON_NAME = AppIcon;
				ASSETCATALOG_COMPILER_GLOBAL_ACCENT_COLOR_NAME = AccentColor;
				CODE_SIGN_STYLE = Automatic;
				CURRENT_PROJECT_VERSION = 1;
				DEVELOPMENT_ASSET_PATHS = "\"Module5_Task7/Preview Content\"";
				ENABLE_PREVIEWS = YES;
				GENERATE_INFOPLIST_FILE = YES;
				INFOPLIST_KEY_UIApplicationSceneManifest_Generation = YES;
				INFOPLIST_KEY_UIApplicationSupportsIndirectInputEvents = YES;
				INFOPLIST_KEY_UILaunchScreen_Generation = YES;
				INFOPLIST_KEY_UISupportedInterfaceOrientations_iPad = "UIInterfaceOrientationPortrait UIInterfaceOrientationPortraitUpsideDown UIInterfaceOrientationLandscapeLeft UIInterfaceOrientationLandscapeRight";
				INFOPLIST_KEY_UISupportedInterfaceOrientations_iPhone = "UIInterfaceOrientationPortrait UIInterfaceOrientationLandscapeLeft UIInterfaceOrientationLandscapeRight";
				LD_RUNPATH_SEARCH_PATHS = (
					"$(inherited)",
					"@executable_path/Frameworks",
				);
				MARKETING_VERSION = 1.0;
				PRODUCT_BUNDLE_IDENTIFIER = "Apple.Module5-Task7";
				PRODUCT_NAME = "$(TARGET_NAME)";
				SWIFT_EMIT_LOC_STRINGS = YES;
				SWIFT_VERSION = 5.0;
				TARGETED_DEVICE_FAMILY = "1,2";
			};
			name = Debug;
		};
		893D5BCD2817F19B00E16F45 /* Release */ = {
			isa = XCBuildConfiguration;
			buildSettings = {
				ASSETCATALOG_COMPILER_APPICON_NAME = AppIcon;
				ASSETCATALOG_COMPILER_GLOBAL_ACCENT_COLOR_NAME = AccentColor;
				CODE_SIGN_STYLE = Automatic;
				CURRENT_PROJECT_VERSION = 1;
				DEVELOPMENT_ASSET_PATHS = "\"Module5_Task7/Preview Content\"";
				ENABLE_PREVIEWS = YES;
				GENERATE_INFOPLIST_FILE = YES;
				INFOPLIST_KEY_UIApplicationSceneManifest_Generation = YES;
				INFOPLIST_KEY_UIApplicationSupportsIndirectInputEvents = YES;
				INFOPLIST_KEY_UILaunchScreen_Generation = YES;
				INFOPLIST_KEY_UISupportedInterfaceOrientations_iPad = "UIInterfaceOrientationPortrait UIInterfaceOrientationPortraitUpsideDown UIInterfaceOrientationLandscapeLeft UIInterfaceOrientationLandscapeRight";
				INFOPLIST_KEY_UISupportedInterfaceOrientations_iPhone = "UIInterfaceOrientationPortrait UIInterfaceOrientationLandscapeLeft UIInterfaceOrientationLandscapeRight";
				LD_RUNPATH_SEARCH_PATHS = (
					"$(inherited)",
					"@executable_path/Frameworks",
				);
				MARKETING_VERSION = 1.0;
				PRODUCT_BUNDLE_IDENTIFIER = "Apple.Module5-Task7";
				PRODUCT_NAME = "$(TARGET_NAME)";
				SWIFT_EMIT_LOC_STRINGS = YES;
				SWIFT_VERSION = 5.0;
				TARGETED_DEVICE_FAMILY = "1,2";
			};
			name = Release;
		};
/* End XCBuildConfiguration section */

/* Begin XCConfigurationList section */
		893D5BB32817F19900E16F45 /* Build configuration list for PBXProject "Module5_Task7" */ = {
			isa = XCConfigurationList;
			buildConfigurations = (
				893D5BC92817F19B00E16F45 /* Debug */,
				893D5BCA2817F19B00E16F45 /* Release */,
			);
			defaultConfigurationIsVisible = 0;
			defaultConfigurationName = Release;
		};
		893D5BCB2817F19B00E16F45 /* Build configuration list for PBXNativeTarget "Module5_Task7" */ = {
			isa = XCConfigurationList;
			buildConfigurations = (
				893D5BCC2817F19B00E16F45 /* Debug */,
				893D5BCD2817F19B00E16F45 /* Release */,
			);
			defaultConfigurationIsVisible = 0;
			defaultConfigurationName = Release;
		};
/* End XCConfigurationList section */

/* Begin XCVersionGroup section */
		893D5BC62817F19B00E16F45 /* Module5_Task7.xcdatamodeld */ = {
			isa = XCVersionGroup;
			children = (
				893D5BC72817F19B00E16F45 /* Module5_Task7.xcdatamodel */,
			);
			currentVersion = 893D5BC72817F19B00E16F45 /* Module5_Task7.xcdatamodel */;
			path = Module5_Task7.xcdatamodeld;
			sourceTree = "<group>";
			versionGroupType = wrapper.xcdatamodel;
		};
/* End XCVersionGroup section */
	};
	rootObject = 893D5BB02817F19900E16F45 /* Project object */;
}
